Microsoft Visual Studio Solution File, Format Version 12.00
# Visual Studio Version 16
VisualStudioVersion = 16.0.30320.27
MinimumVisualStudioVersion = 10.0.40219.1
Project("{9A19103F-16F7-4668-BE54-9A1E7A4F7556}") = "docify-netcore", "docify-netcore.csproj", "{FB52DF27-73B7-4589-9C34-175618C6424D}"
EndProject
Project("{2150E333-8FDC-42A3-9474-1A3956D46DE8}") = "Solution Files", "Solution Files", "{3095E062-EABE-45DA-ADE3-CAB3DF067D92}"
	ProjectSection(SolutionItems) = preProject
		.editorconfig = .editorconfig
	EndProjectSection
EndProject
Global
	GlobalSection(SolutionConfigurationPlatforms) = preSolution
		Debug|Any CPU = Debug|Any CPU
		Release|Any CPU = Release|Any CPU
	EndGlobalSection
	GlobalSection(ProjectConfigurationPlatforms) = postSolution
		{FB52DF27-73B7-4589-9C34-175618C6424D}.Debug|Any CPU.ActiveCfg = Debug|Any CPU
		{FB52DF27-73B7-4589-9C34-175618C6424D}.Debug|Any CPU.Build.0 = Debug|Any CPU
		{FB52DF27-73B7-4589-9C34-175618C6424D}.Release|Any CPU.ActiveCfg = Release|Any CPU
		{FB52DF27-73B7-4589-9C34-175618C6424D}.Release|Any CPU.Build.0 = Release|Any CPU
	EndGlobalSection
	GlobalSection(SolutionProperties) = preSolution
		HideSolutionNode = FALSE
	EndGlobalSection
	GlobalSection(ExtensibilityGlobals) = postSolution
		SolutionGuid = {EC1D2CAB-5BD3-4DDA-9F22-D610FA873D0A}
	EndGlobalSection
EndGlobal
